- type: listing
  id: KnowledgePathStartLock
  name: knowledge-path-lock-s1-name
  description: knowledge-path-lock-s1-desc
  icon: { sprite: _Goobstation/Heretic/Blades/blade_lock.rsi, state: icon }
  raiseProductEventOnMind: true
  productEvent: !type:EventHereticAddKnowledge
    knowledge:
    - StewardsSecret
  cost:
    KnowledgePoint: 0
  categories:
  - HereticPathLock
  conditions:
  - !type:ListingLimitedStockCondition
    stock: 1
  - !type:HereticPathCondition
    stage: 0
    # add every path here because you shouldn't be able to buy more starter knowledge
    blacklist:
    - Ash
    - Blade
    - Flesh
    - Lock
    - Void
    - Rust
    - Cosmos

- type: listing
  id: HereticLockPath2
  name: knowledge-path-lock-s2-name
  description: knowledge-path-lock-s2-desc
  icon: { sprite: _Goobstation/Heretic/mansus_grasp.rsi, state: icon }
  raiseProductEventOnMind: true
  productEvent: !type:EventHereticAddKnowledge
    knowledge:
    - GraspOfLock
  cost:
    KnowledgePoint: 0
  categories:
  - HereticPathLock
  conditions:
  - !type:ListingLimitedStockCondition
    stock: 1
  - !type:HereticPathCondition
    stage: 1
    whitelist:
    - Lock

- type: listing
  id: HereticLockPath3
  name: knowledge-path-lock-s3-name
  description: knowledge-path-lock-s3-desc
  icon: { sprite: _Goobstation/Heretic/mansus_grasp.rsi, state: icon }
  raiseProductEventOnMind: true
  productEvent: !type:EventHereticAddKnowledge
    knowledge:
    - MarkOfLock
  cost:
    KnowledgePoint: 0
  categories:
  - HereticPathLock
  conditions:
  - !type:ListingLimitedStockCondition
    stock: 1
  - !type:HereticPathCondition
    stage: 2
    whitelist:
    - Lock

- type: listing
  id: HereticLockPath4
  name: knowledge-path-lock-s4-name
  description: knowledge-path-lock-s4-desc
  icon: { sprite: Objects/Misc/id_cards.rsi, state: gold }
  raiseProductEventOnMind: true
  productEvent: !type:EventHereticAddKnowledge
    knowledge:
    - KeyKeepersBurden
  cost:
    KnowledgePoint: 2
  categories:
  - HereticPathLock
  conditions:
  - !type:ListingLimitedStockCondition
    stock: 1
  - !type:HereticPathCondition
    stage: 3
    whitelist:
    - Lock

- type: listing
  id: HereticLockPath5
  name: knowledge-path-lock-s5-name
  description: knowledge-path-lock-s5-desc
  icon: { sprite: _Goobstation/Heretic/Entities/heretichandbook.rsi, state: icon }
  raiseProductEventOnMind: true
  productEvent: !type:EventHereticAddKnowledge
    knowledge:
    - ConciergesRite
  cost:
    KnowledgePoint: 2
  categories:
  - HereticPathLock
  conditions:
  - !type:ListingLimitedStockCondition
    stock: 1
  - !type:HereticPathCondition
    stage: 4
    whitelist:
    - Lock

- type: listing
  id: HereticLockArmor
  name: knowledge-path-lock-armor-name
  description: knowledge-path-lock-armor-desc
  icon: { sprite: _Goobstation/Heretic/Clothing/OuterClothing/lock_armor.rsi, state: icon }
  raiseProductEventOnMind: true
  productEvent: !type:EventHereticAddKnowledge
    knowledge:
    - ArmorLock
  cost:
    KnowledgePoint: 1
  categories:
  - HereticPathSpecial
  conditions:
  - !type:ListingLimitedStockCondition
    stock: 1
  - !type:HereticPathCondition
    stage: 5
    whitelist:
    - Lock

- type: listing
  id: HereticLockPassiveT2
  name: knowledge-passive-upgrade-name-2
  description: knowledge-path-lock-passive-desc-2
  icon: { sprite: _Goobstation/Heretic/Blades/blade_lock.rsi, state: icon }
  raiseProductEventOnMind: true
  productEvent: !type:EventHereticAddKnowledge
    knowledge:
    - LockPassiveT2
  cost:
    KnowledgePoint: 0
  categories:
  - HereticPathSpecial
  conditions:
  - !type:ListingLimitedStockCondition
    stock: 1
  - !type:HereticPathCondition
    minPassiveLevel: 2
    stage: 5
    whitelist:
    - Lock

- type: listing
  id: HereticLockPassiveT3
  name: knowledge-passive-upgrade-name-3
  description: knowledge-path-lock-passive-desc-3
  icon: { sprite: _Goobstation/Heretic/Blades/blade_lock.rsi, state: icon }
  raiseProductEventOnMind: true
  productEvent: !type:EventHereticAddKnowledge
    knowledge:
    - LockPassiveT3
  cost:
    KnowledgePoint: 0
  categories:
  - HereticPathSpecial
  conditions:
  - !type:ListingLimitedStockCondition
    stock: 1
  - !type:HereticPathCondition
    minPassiveLevel: 3
    stage: 5
    whitelist:
    - Lock
  - !type:BuyBeforeCondition
    whitelist:
    - HereticLockPassiveT2

- type: listing
  id: HereticLockPath6
  name: knowledge-path-lock-s6-name
  description: knowledge-path-lock-s6-desc
  icon: { sprite: _Goobstation/Heretic/abilities_heretic.rsi, state: bulglar_finesse }
  raiseProductEventOnMind: true
  productEvent: !type:EventHereticAddKnowledge
    knowledge:
    - BurglarsFinesse
  cost:
    KnowledgePoint: 2
  categories:
  - HereticPathLock
  conditions:
  - !type:ListingLimitedStockCondition
    stock: 1
  - !type:HereticPathCondition
    stage: 5
    whitelist:
    - Lock

- type: listing
  id: HereticLockPath7
  name: knowledge-path-lock-s7-name
  description: knowledge-path-lock-s7-desc
  icon: { sprite: _Goobstation/Heretic/Blades/blade_lock.rsi, state: icon }
  raiseProductEventOnMind: true
  productEvent: !type:EventHereticAddKnowledge
    knowledge:
    - OpeningBlade
  cost:
    KnowledgePoint: 2
  categories:
  - HereticPathLock
  conditions:
  - !type:ListingLimitedStockCondition
    stock: 1
  - !type:HereticPathCondition
    stage: 6
    whitelist:
    - Lock

- type: listing
  id: HereticLockPath8
  name: knowledge-path-lock-s8-name
  description: knowledge-path-lock-s8-desc
  icon: { sprite: _Goobstation/Heretic/abilities_heretic.rsi, state: last_refuge }
  raiseProductEventOnMind: true
  productEvent: !type:EventHereticAddKnowledge
    knowledge:
    - CaretakersLastRefuge
  cost:
    KnowledgePoint: 2
  categories:
  - HereticPathLock
  conditions:
  - !type:ListingLimitedStockCondition
    stock: 1
  - !type:HereticPathCondition
    stage: 7
    whitelist:
    - Lock

- type: listing
  id: HereticLockPath9
  name: knowledge-path-lock-s9-name
  description: knowledge-path-lock-s9-desc
  icon: { sprite: _Goobstation/Heretic/abilities_heretic.rsi, state: labyrinth }
  raiseProductEventOnMind: true
  productEvent: !type:EventHereticAddKnowledge
    knowledge:
    - AscensionLock
  cost:
    KnowledgePoint: 2
  categories:
  - HereticPathLock
  conditions:
  - !type:ListingLimitedStockCondition
    stock: 1
  - !type:HereticPathCondition
    requiresCanAscend: true
    stage: 8
    whitelist:
    - Lock
